// !$*UTF8*$!
{
	archiveVersion = 1;
	classes = {
	};
	objectVersion = 46;
	objects = {

/* Begin PBXGroup section */
		EA82EAB21C0C300500ADD07E = {
			isa = PBXGroup;
			children = (
			);
			sourceTree = "<group>";
		};
/* End PBXGroup section */

/* Begin PBXProject section */
		EA82EAB31C0C300500ADD07E /* Project object */ = {
			isa = PBXProject;
			attributes = {
				LastUpgradeCheck = 0710;
			};
			buildConfigurationList = EA82EAB61C0C300500ADD07E /* Build configuration list for PBXProject "iCloudSample" */;
			compatibilityVersion = "Xcode 3.2";
			developmentRegion = English;
			hasScannedForEncodings = 0;
			knownRegions = (
				en,
			);
			mainGroup = EA82EAB21C0C300500ADD07E;
			projectDirPath = "";
			projectRoot = "";
			targets = (
			);
		};
/* End PBXProject section */

/* Begin XCBuildConfiguration section */
		EA82EAB71C0C300500ADD07E /* Debug */ = {
			isa = XCBuildConfiguration;
			buildSettings = {
			};
			name = Debug;
		};
		EA82EAB81C0C300500ADD07E /* Release */ = {
			isa = XCBuildConfiguration;
			buildSettings = {
			};
			name = Release;
		};
/* End XCBuildConfiguration section */

/* Begin XCConfigurationList section */
		EA82EAB61C0C300500ADD07E /* Build configuration list for PBXProject "iCloudSample" */ = {
			isa = XCConfigurationList;
			buildConfigurations = (
				EA82EAB71C0C300500ADD07E /* Debug */,
				EA82EAB81C0C300500ADD07E /* Release */,
			);
			defaultConfigurationIsVisible = 0;
			defaultConfigurationName = Release;
		};
/* End XCConfigurationList section */
	};
	rootObject = EA82EAB31C0C300500ADD07E /* Project object */;
}
